
Microsoft Visual Studio Solution File, Format Version 12.00
# Visual Studio Version 16
VisualStudioVersion = 16.0.30523.141
MinimumVisualStudioVersion = 10.0.40219.1
Project("{FAE04EC0-301F-11D3-BF4B-00C04F79EFBC}") = "EjercicioLayout3", "EjercicioLayout3\EjercicioLayout3.csproj", "{DE7EBA38-7EC9-4C7A-AA0C-09EFE6B7BBD8}"
EndProject
Global
	GlobalSection(SolutionConfigurationPlatforms) = preSolution
		Debug|Any CPU = Debug|Any CPU
		Release|Any CPU = Release|Any CPU
	EndGlobalSection
	GlobalSection(ProjectConfigurationPlatforms) = postSolution
		{DE7EBA38-7EC9-4C7A-AA0C-09EFE6B7BBD8}.Debug|Any CPU.ActiveCfg = Debug|Any CPU
		{DE7EBA38-7EC9-4C7A-AA0C-09EFE6B7BBD8}.Debug|Any CPU.Build.0 = Debug|Any CPU
		{DE7EBA38-7EC9-4C7A-AA0C-09EFE6B7BBD8}.Release|Any CPU.ActiveCfg = Release|Any CPU
		{DE7EBA38-7EC9-4C7A-AA0C-09EFE6B7BBD8}.Release|Any CPU.Build.0 = Release|Any CPU
	EndGlobalSection
	GlobalSection(SolutionProperties) = preSolution
		HideSolutionNode = FALSE
	EndGlobalSection
	GlobalSection(ExtensibilityGlobals) = postSolution
		SolutionGuid = {8F588979-7BD2-477A-AEDA-3DA3C2A32768}
	EndGlobalSection
EndGlobal
